
Microsoft Visual Studio Solution File, Format Version 12.00
# Visual Studio Version 17
VisualStudioVersion = 17.7.34031.279
MinimumVisualStudioVersion = 10.0.40219.1
Project("{FAE04EC0-301F-11D3-BF4B-00C04F79EFBC}") = "Cloud-storage API", "Cloud-storage API\Cloud-storage API.csproj", "{5CF7BD1E-6601-400F-A391-42ED138FF688}"
EndProject
Global
	GlobalSection(SolutionConfigurationPlatforms) = preSolution
		Debug|Any CPU = Debug|Any CPU
		Release|Any CPU = Release|Any CPU
	EndGlobalSection
	GlobalSection(ProjectConfigurationPlatforms) = postSolution
		{5CF7BD1E-6601-400F-A391-42ED138FF688}.Debug|Any CPU.ActiveCfg = Debug|Any CPU
		{5CF7BD1E-6601-400F-A391-42ED138FF688}.Debug|Any CPU.Build.0 = Debug|Any CPU
		{5CF7BD1E-6601-400F-A391-42ED138FF688}.Release|Any CPU.ActiveCfg = Release|Any CPU
		{5CF7BD1E-6601-400F-A391-42ED138FF688}.Release|Any CPU.Build.0 = Release|Any CPU
	EndGlobalSection
	GlobalSection(SolutionProperties) = preSolution
		HideSolutionNode = FALSE
	EndGlobalSection
	GlobalSection(ExtensibilityGlobals) = postSolution
		SolutionGuid = {A4D0263D-7AC3-45F4-814E-A6016C4B98C5}
	EndGlobalSection
EndGlobal
